
Microsoft Visual Studio Solution File, Format Version 12.00
# Visual Studio 14
VisualStudioVersion = 14.0.25123.0
MinimumVisualStudioVersion = 10.0.40219.1
Project("{FAE04EC0-301F-11D3-BF4B-00C04F79EFBC}") = "AkkaDotNetTDD.Tests", "AkkaDotNetTDD.Tests\AkkaDotNetTDD.Tests.csproj", "{AEFF040C-ADB4-4B32-90B3-8717AD6EABE3}"
EndProject
Project("{FAE04EC0-301F-11D3-BF4B-00C04F79EFBC}") = "EmailServiceLib", "EmailServiceLib\EmailServiceLib.csproj", "{554576DF-554E-4CBD-86EB-DEA46DE4BAD1}"
EndProject
Global
	GlobalSection(SolutionConfigurationPlatforms) = preSolution
		Debug|Any CPU = Debug|Any CPU
		Release|Any CPU = Release|Any CPU
	EndGlobalSection
	GlobalSection(ProjectConfigurationPlatforms) = postSolution
		{AEFF040C-ADB4-4B32-90B3-8717AD6EABE3}.Debug|Any CPU.ActiveCfg = Debug|Any CPU
		{AEFF040C-ADB4-4B32-90B3-8717AD6EABE3}.Debug|Any CPU.Build.0 = Debug|Any CPU
		{AEFF040C-ADB4-4B32-90B3-8717AD6EABE3}.Release|Any CPU.ActiveCfg = Release|Any CPU
		{AEFF040C-ADB4-4B32-90B3-8717AD6EABE3}.Release|Any CPU.Build.0 = Release|Any CPU
		{554576DF-554E-4CBD-86EB-DEA46DE4BAD1}.Debug|Any CPU.ActiveCfg = Debug|Any CPU
		{554576DF-554E-4CBD-86EB-DEA46DE4BAD1}.Debug|Any CPU.Build.0 = Debug|Any CPU
		{554576DF-554E-4CBD-86EB-DEA46DE4BAD1}.Release|Any CPU.ActiveCfg = Release|Any CPU
		{554576DF-554E-4CBD-86EB-DEA46DE4BAD1}.Release|Any CPU.Build.0 = Release|Any CPU
	EndGlobalSection
	GlobalSection(SolutionProperties) = preSolution
		HideSolutionNode = FALSE
	EndGlobalSection
EndGlobal
